
Microsoft Visual Studio Solution File, Format Version 12.00
# Visual Studio Version 16
VisualStudioVersion = 16.0.31205.134
MinimumVisualStudioVersion = 10.0.40219.1
Project("{9A19103F-16F7-4668-BE54-9A1E7A4F7556}") = "HWork", "HWork.csproj", "{C65C3CBD-997C-41E1-9C3F-8EC62AE06320}"
EndProject
Project("{FAE04EC0-301F-11D3-BF4B-00C04F79EFBC}") = "HWork.Tests", "..\HWork.Tests\HWork.Tests.csproj", "{4C566A67-8EDB-4957-98EC-DAD218E0F390}"
EndProject
Global
	GlobalSection(SolutionConfigurationPlatforms) = preSolution
		Debug|Any CPU = Debug|Any CPU
		Debug|x64 = Debug|x64
		Release|Any CPU = Release|Any CPU
		Release|x64 = Release|x64
	EndGlobalSection
	GlobalSection(ProjectConfigurationPlatforms) = postSolution
		{C65C3CBD-997C-41E1-9C3F-8EC62AE06320}.Debug|Any CPU.ActiveCfg = Debug|Any CPU
		{C65C3CBD-997C-41E1-9C3F-8EC62AE06320}.Debug|Any CPU.Build.0 = Debug|Any CPU
		{C65C3CBD-997C-41E1-9C3F-8EC62AE06320}.Debug|x64.ActiveCfg = Debug|x64
		{C65C3CBD-997C-41E1-9C3F-8EC62AE06320}.Debug|x64.Build.0 = Debug|x64
		{C65C3CBD-997C-41E1-9C3F-8EC62AE06320}.Release|Any CPU.ActiveCfg = Release|Any CPU
		{C65C3CBD-997C-41E1-9C3F-8EC62AE06320}.Release|Any CPU.Build.0 = Release|Any CPU
		{C65C3CBD-997C-41E1-9C3F-8EC62AE06320}.Release|x64.ActiveCfg = Release|x64
		{C65C3CBD-997C-41E1-9C3F-8EC62AE06320}.Release|x64.Build.0 = Release|x64
		{4C566A67-8EDB-4957-98EC-DAD218E0F390}.Debug|Any CPU.ActiveCfg = Debug|Any CPU
		{4C566A67-8EDB-4957-98EC-DAD218E0F390}.Debug|Any CPU.Build.0 = Debug|Any CPU
		{4C566A67-8EDB-4957-98EC-DAD218E0F390}.Debug|x64.ActiveCfg = Debug|x64
		{4C566A67-8EDB-4957-98EC-DAD218E0F390}.Debug|x64.Build.0 = Debug|x64
		{4C566A67-8EDB-4957-98EC-DAD218E0F390}.Release|Any CPU.ActiveCfg = Release|Any CPU
		{4C566A67-8EDB-4957-98EC-DAD218E0F390}.Release|Any CPU.Build.0 = Release|Any CPU
		{4C566A67-8EDB-4957-98EC-DAD218E0F390}.Release|x64.ActiveCfg = Release|x64
		{4C566A67-8EDB-4957-98EC-DAD218E0F390}.Release|x64.Build.0 = Release|x64
	EndGlobalSection
	GlobalSection(SolutionProperties) = preSolution
		HideSolutionNode = FALSE
	EndGlobalSection
	GlobalSection(ExtensibilityGlobals) = postSolution
		SolutionGuid = {C383AC39-8804-4D1B-954F-B08019CA4041}
	EndGlobalSection
EndGlobal
