
Microsoft Visual Studio Solution File, Format Version 12.00
# Visual Studio Version 16
VisualStudioVersion = 16.0.31205.134
MinimumVisualStudioVersion = 10.0.40219.1
Project("{FAE04EC0-301F-11D3-BF4B-00C04F79EFBC}") = "HWork", "HWork\HWork.csproj", "{A9F8E104-7203-43E7-8B88-92D6BF32E9A9}"
EndProject
Project("{FAE04EC0-301F-11D3-BF4B-00C04F79EFBC}") = "HWork.Tests", "HWork.Tests\HWork.Tests.csproj", "{DB42B83B-44A5-4221-909E-9062D1A594C2}"
EndProject
Global
	GlobalSection(SolutionConfigurationPlatforms) = preSolution
		Debug|Any CPU = Debug|Any CPU
		Release|Any CPU = Release|Any CPU
	EndGlobalSection
	GlobalSection(ProjectConfigurationPlatforms) = postSolution
		{A9F8E104-7203-43E7-8B88-92D6BF32E9A9}.Debug|Any CPU.ActiveCfg = Debug|Any CPU
		{A9F8E104-7203-43E7-8B88-92D6BF32E9A9}.Debug|Any CPU.Build.0 = Debug|Any CPU
		{A9F8E104-7203-43E7-8B88-92D6BF32E9A9}.Release|Any CPU.ActiveCfg = Release|Any CPU
		{A9F8E104-7203-43E7-8B88-92D6BF32E9A9}.Release|Any CPU.Build.0 = Release|Any CPU
		{DB42B83B-44A5-4221-909E-9062D1A594C2}.Debug|Any CPU.ActiveCfg = Debug|Any CPU
		{DB42B83B-44A5-4221-909E-9062D1A594C2}.Debug|Any CPU.Build.0 = Debug|Any CPU
		{DB42B83B-44A5-4221-909E-9062D1A594C2}.Release|Any CPU.ActiveCfg = Release|Any CPU
		{DB42B83B-44A5-4221-909E-9062D1A594C2}.Release|Any CPU.Build.0 = Release|Any CPU
	EndGlobalSection
	GlobalSection(SolutionProperties) = preSolution
		HideSolutionNode = FALSE
	EndGlobalSection
	GlobalSection(ExtensibilityGlobals) = postSolution
		SolutionGuid = {02F8F816-8581-42E9-83F9-6578B0B1965C}
	EndGlobalSection
EndGlobal
